
Microsoft Visual Studio Solution File, Format Version 12.00
# Visual Studio 15
VisualStudioVersion = 15.0.28307.1145
MinimumVisualStudioVersion = 10.0.40219.1
Project("{159641D6-6404-4A2A-AE62-294DE0FE8301}") = "merge transform", "merge transform\merge transform.dtproj", "{0B0734BB-4012-49BE-A05D-31FDE661DC47}"
EndProject
Global
	GlobalSection(SolutionConfigurationPlatforms) = preSolution
		Development|Default = Development|Default
	EndGlobalSection
	GlobalSection(ProjectConfigurationPlatforms) = postSolution
		{0B0734BB-4012-49BE-A05D-31FDE661DC47}.Development|Default.ActiveCfg = Development
		{0B0734BB-4012-49BE-A05D-31FDE661DC47}.Development|Default.Build.0 = Development
	EndGlobalSection
	GlobalSection(SolutionProperties) = preSolution
		HideSolutionNode = FALSE
	EndGlobalSection
	GlobalSection(ExtensibilityGlobals) = postSolution
		SolutionGuid = {9E522D80-A70C-43B1-922D-1C1E04BEB918}
	EndGlobalSection
EndGlobal
