
Microsoft Visual Studio Solution File, Format Version 12.00
# Visual Studio 15
VisualStudioVersion = 15.0.28307.1145
MinimumVisualStudioVersion = 10.0.40219.1
Project("{159641D6-6404-4A2A-AE62-294DE0FE8301}") = "copy col transform", "copy col transform\copy col transform.dtproj", "{8C009D96-A1E1-4BB8-8C50-4B2B8CF7E857}"
EndProject
Global
	GlobalSection(SolutionConfigurationPlatforms) = preSolution
		Development|Default = Development|Default
	EndGlobalSection
	GlobalSection(ProjectConfigurationPlatforms) = postSolution
		{8C009D96-A1E1-4BB8-8C50-4B2B8CF7E857}.Development|Default.ActiveCfg = Development
		{8C009D96-A1E1-4BB8-8C50-4B2B8CF7E857}.Development|Default.Build.0 = Development
	EndGlobalSection
	GlobalSection(SolutionProperties) = preSolution
		HideSolutionNode = FALSE
	EndGlobalSection
	GlobalSection(ExtensibilityGlobals) = postSolution
		SolutionGuid = {C18E6DD6-4211-48FE-81C9-381A195DC1B3}
	EndGlobalSection
EndGlobal
