
Microsoft Visual Studio Solution File, Format Version 12.00
# Visual Studio 15
VisualStudioVersion = 15.0.28307.1145
MinimumVisualStudioVersion = 10.0.40219.1
Project("{159641D6-6404-4A2A-AE62-294DE0FE8301}") = "row count transform", "row count transform\row count transform.dtproj", "{4AE69F26-B29A-4B33-A5DA-01B39E812B84}"
EndProject
Global
	GlobalSection(SolutionConfigurationPlatforms) = preSolution
		Development|Default = Development|Default
	EndGlobalSection
	GlobalSection(ProjectConfigurationPlatforms) = postSolution
		{4AE69F26-B29A-4B33-A5DA-01B39E812B84}.Development|Default.ActiveCfg = Development
		{4AE69F26-B29A-4B33-A5DA-01B39E812B84}.Development|Default.Build.0 = Development
	EndGlobalSection
	GlobalSection(SolutionProperties) = preSolution
		HideSolutionNode = FALSE
	EndGlobalSection
	GlobalSection(ExtensibilityGlobals) = postSolution
		SolutionGuid = {C7A7B6A0-3A40-4D96-A82F-B44EAC2BDBDC}
	EndGlobalSection
EndGlobal
