
Microsoft Visual Studio Solution File, Format Version 12.00
# Visual Studio 15
VisualStudioVersion = 15.0.28307.1145
MinimumVisualStudioVersion = 10.0.40219.1
Project("{159641D6-6404-4A2A-AE62-294DE0FE8301}") = "union all transform", "union all transform\union all transform.dtproj", "{932A9208-0B41-478B-B279-B7220DF56D6A}"
EndProject
Global
	GlobalSection(SolutionConfigurationPlatforms) = preSolution
		Development|Default = Development|Default
	EndGlobalSection
	GlobalSection(ProjectConfigurationPlatforms) = postSolution
		{932A9208-0B41-478B-B279-B7220DF56D6A}.Development|Default.ActiveCfg = Development
		{932A9208-0B41-478B-B279-B7220DF56D6A}.Development|Default.Build.0 = Development
	EndGlobalSection
	GlobalSection(SolutionProperties) = preSolution
		HideSolutionNode = FALSE
	EndGlobalSection
	GlobalSection(ExtensibilityGlobals) = postSolution
		SolutionGuid = {C468C599-9103-4976-B95D-9CFD29E70B39}
	EndGlobalSection
EndGlobal
