
Microsoft Visual Studio Solution File, Format Version 12.00
# Visual Studio 15
VisualStudioVersion = 15.0.28307.1145
MinimumVisualStudioVersion = 10.0.40219.1
Project("{159641D6-6404-4A2A-AE62-294DE0FE8301}") = "cond split transform", "cond split transform\cond split transform.dtproj", "{918C062D-3F46-4E81-9230-C1361A74D3C2}"
EndProject
Global
	GlobalSection(SolutionConfigurationPlatforms) = preSolution
		Development|Default = Development|Default
	EndGlobalSection
	GlobalSection(ProjectConfigurationPlatforms) = postSolution
		{918C062D-3F46-4E81-9230-C1361A74D3C2}.Development|Default.ActiveCfg = Development
		{918C062D-3F46-4E81-9230-C1361A74D3C2}.Development|Default.Build.0 = Development
	EndGlobalSection
	GlobalSection(SolutionProperties) = preSolution
		HideSolutionNode = FALSE
	EndGlobalSection
	GlobalSection(ExtensibilityGlobals) = postSolution
		SolutionGuid = {AD279960-53A2-4080-B58E-1ABD286C12AA}
	EndGlobalSection
EndGlobal
