
Microsoft Visual Studio Solution File, Format Version 12.00
# Visual Studio 15
VisualStudioVersion = 15.0.28307.1145
MinimumVisualStudioVersion = 10.0.40219.1
Project("{159641D6-6404-4A2A-AE62-294DE0FE8301}") = "pivot transform", "pivot transform\pivot transform.dtproj", "{30320F4E-DCB1-474A-AADF-28B0888152A8}"
EndProject
Global
	GlobalSection(SolutionConfigurationPlatforms) = preSolution
		Development|Default = Development|Default
	EndGlobalSection
	GlobalSection(ProjectConfigurationPlatforms) = postSolution
		{30320F4E-DCB1-474A-AADF-28B0888152A8}.Development|Default.ActiveCfg = Development
		{30320F4E-DCB1-474A-AADF-28B0888152A8}.Development|Default.Build.0 = Development
	EndGlobalSection
	GlobalSection(SolutionProperties) = preSolution
		HideSolutionNode = FALSE
	EndGlobalSection
	GlobalSection(ExtensibilityGlobals) = postSolution
		SolutionGuid = {CC34267D-DA3F-4716-871D-9DDE03CAAB29}
	EndGlobalSection
EndGlobal
