
Microsoft Visual Studio Solution File, Format Version 12.00
# Visual Studio 15
VisualStudioVersion = 15.0.28307.1145
MinimumVisualStudioVersion = 10.0.40219.1
Project("{159641D6-6404-4A2A-AE62-294DE0FE8301}") = "sort transform", "sort transform\sort transform.dtproj", "{944A61C7-5C97-4841-8772-740E39754703}"
EndProject
Global
	GlobalSection(SolutionConfigurationPlatforms) = preSolution
		Development|Default = Development|Default
	EndGlobalSection
	GlobalSection(ProjectConfigurationPlatforms) = postSolution
		{944A61C7-5C97-4841-8772-740E39754703}.Development|Default.ActiveCfg = Development
		{944A61C7-5C97-4841-8772-740E39754703}.Development|Default.Build.0 = Development
	EndGlobalSection
	GlobalSection(SolutionProperties) = preSolution
		HideSolutionNode = FALSE
	EndGlobalSection
	GlobalSection(ExtensibilityGlobals) = postSolution
		SolutionGuid = {6805B966-AD40-4CB4-B7E9-E57F51A3327C}
	EndGlobalSection
EndGlobal
